
Microsoft Visual Studio Solution File, Format Version 12.00
# Visual Studio Version 17
VisualStudioVersion = 17.12.35527.113
MinimumVisualStudioVersion = 10.0.40219.1
Project("{2150E333-8FDC-42A3-9474-1A3956D46DE8}") = "src", "src", "{D896E41D-F43F-44BC-AC5E-2240C3FE1DB5}"
EndProject
Project("{2150E333-8FDC-42A3-9474-1A3956D46DE8}") = "test", "test", "{3E13722D-C546-43A2-9D19-3605B450602F}"
EndProject
Project("{FAE04EC0-301F-11D3-BF4B-00C04F79EFBC}") = "POS.Domain", "POS.Domain\POS.Domain.csproj", "{07AD8B2C-5A9A-4D42-89EE-B96737F19A2A}"
EndProject
Project("{FAE04EC0-301F-11D3-BF4B-00C04F79EFBC}") = "POS.Infrastructure", "POS.Infrastructure\POS.Infrastructure.csproj", "{1A49C1F5-C9DD-4846-9A4F-553796FA0E43}"
EndProject
Project("{FAE04EC0-301F-11D3-BF4B-00C04F79EFBC}") = "POS.Application", "POS.Application\POS.Application.csproj", "{9B169D91-14A1-4FBF-8465-6E00E918E2F4}"
EndProject
Project("{FAE04EC0-301F-11D3-BF4B-00C04F79EFBC}") = "POS.Api", "POS.Api\POS.Api.csproj", "{6A2B93CF-F343-4FCF-A5D3-93B6C8543530}"
EndProject
Project("{FAE04EC0-301F-11D3-BF4B-00C04F79EFBC}") = "POS.Utilities", "POS.Utilities\POS.Utilities.csproj", "{14C3E650-AD85-4C08-AC52-D89D878F8286}"
EndProject
Project("{FAE04EC0-301F-11D3-BF4B-00C04F79EFBC}") = "POS.Test", "POS.Test\POS.Test.csproj", "{9E07C4BE-0EA9-48ED-893C-1A21B74DFD33}"
EndProject
Global
	GlobalSection(SolutionConfigurationPlatforms) = preSolution
		Debug|Any CPU = Debug|Any CPU
		Release|Any CPU = Release|Any CPU
	EndGlobalSection
	GlobalSection(ProjectConfigurationPlatforms) = postSolution
		{07AD8B2C-5A9A-4D42-89EE-B96737F19A2A}.Debug|Any CPU.ActiveCfg = Debug|Any CPU
		{07AD8B2C-5A9A-4D42-89EE-B96737F19A2A}.Debug|Any CPU.Build.0 = Debug|Any CPU
		{07AD8B2C-5A9A-4D42-89EE-B96737F19A2A}.Release|Any CPU.ActiveCfg = Release|Any CPU
		{07AD8B2C-5A9A-4D42-89EE-B96737F19A2A}.Release|Any CPU.Build.0 = Release|Any CPU
		{1A49C1F5-C9DD-4846-9A4F-553796FA0E43}.Debug|Any CPU.ActiveCfg = Debug|Any CPU
		{1A49C1F5-C9DD-4846-9A4F-553796FA0E43}.Debug|Any CPU.Build.0 = Debug|Any CPU
		{1A49C1F5-C9DD-4846-9A4F-553796FA0E43}.Release|Any CPU.ActiveCfg = Release|Any CPU
		{1A49C1F5-C9DD-4846-9A4F-553796FA0E43}.Release|Any CPU.Build.0 = Release|Any CPU
		{9B169D91-14A1-4FBF-8465-6E00E918E2F4}.Debug|Any CPU.ActiveCfg = Debug|Any CPU
		{9B169D91-14A1-4FBF-8465-6E00E918E2F4}.Debug|Any CPU.Build.0 = Debug|Any CPU
		{9B169D91-14A1-4FBF-8465-6E00E918E2F4}.Release|Any CPU.ActiveCfg = Release|Any CPU
		{9B169D91-14A1-4FBF-8465-6E00E918E2F4}.Release|Any CPU.Build.0 = Release|Any CPU
		{6A2B93CF-F343-4FCF-A5D3-93B6C8543530}.Debug|Any CPU.ActiveCfg = Debug|Any CPU
		{6A2B93CF-F343-4FCF-A5D3-93B6C8543530}.Debug|Any CPU.Build.0 = Debug|Any CPU
		{6A2B93CF-F343-4FCF-A5D3-93B6C8543530}.Release|Any CPU.ActiveCfg = Release|Any CPU
		{6A2B93CF-F343-4FCF-A5D3-93B6C8543530}.Release|Any CPU.Build.0 = Release|Any CPU
		{14C3E650-AD85-4C08-AC52-D89D878F8286}.Debug|Any CPU.ActiveCfg = Debug|Any CPU
		{14C3E650-AD85-4C08-AC52-D89D878F8286}.Debug|Any CPU.Build.0 = Debug|Any CPU
		{14C3E650-AD85-4C08-AC52-D89D878F8286}.Release|Any CPU.ActiveCfg = Release|Any CPU
		{14C3E650-AD85-4C08-AC52-D89D878F8286}.Release|Any CPU.Build.0 = Release|Any CPU
		{9E07C4BE-0EA9-48ED-893C-1A21B74DFD33}.Debug|Any CPU.ActiveCfg = Debug|Any CPU
		{9E07C4BE-0EA9-48ED-893C-1A21B74DFD33}.Debug|Any CPU.Build.0 = Debug|Any CPU
		{9E07C4BE-0EA9-48ED-893C-1A21B74DFD33}.Release|Any CPU.ActiveCfg = Release|Any CPU
		{9E07C4BE-0EA9-48ED-893C-1A21B74DFD33}.Release|Any CPU.Build.0 = Release|Any CPU
	EndGlobalSection
	GlobalSection(SolutionProperties) = preSolution
		HideSolutionNode = FALSE
	EndGlobalSection
	GlobalSection(NestedProjects) = preSolution
		{07AD8B2C-5A9A-4D42-89EE-B96737F19A2A} = {D896E41D-F43F-44BC-AC5E-2240C3FE1DB5}
		{1A49C1F5-C9DD-4846-9A4F-553796FA0E43} = {D896E41D-F43F-44BC-AC5E-2240C3FE1DB5}
		{9B169D91-14A1-4FBF-8465-6E00E918E2F4} = {D896E41D-F43F-44BC-AC5E-2240C3FE1DB5}
		{6A2B93CF-F343-4FCF-A5D3-93B6C8543530} = {D896E41D-F43F-44BC-AC5E-2240C3FE1DB5}
		{14C3E650-AD85-4C08-AC52-D89D878F8286} = {D896E41D-F43F-44BC-AC5E-2240C3FE1DB5}
		{9E07C4BE-0EA9-48ED-893C-1A21B74DFD33} = {3E13722D-C546-43A2-9D19-3605B450602F}
	EndGlobalSection
EndGlobal
